
Microsoft Visual Studio Solution File, Format Version 12.00
# Visual Studio 15
VisualStudioVersion = 15.0.28307.1758
MinimumVisualStudioVersion = 10.0.40219.1
Project("{FAE04EC0-301F-11D3-BF4B-00C04F79EFBC}") = "MojWord", "MojWord\MojWord.csproj", "{B4307530-B1FC-4799-8F7A-8B13DB77994A}"
EndProject
Global
	GlobalSection(SolutionConfigurationPlatforms) = preSolution
		Debug|Any CPU = Debug|Any CPU
		Release|Any CPU = Release|Any CPU
	EndGlobalSection
	GlobalSection(ProjectConfigurationPlatforms) = postSolution
		{B4307530-B1FC-4799-8F7A-8B13DB77994A}.Debug|Any CPU.ActiveCfg = Debug|Any CPU
		{B4307530-B1FC-4799-8F7A-8B13DB77994A}.Debug|Any CPU.Build.0 = Debug|Any CPU
		{B4307530-B1FC-4799-8F7A-8B13DB77994A}.Release|Any CPU.ActiveCfg = Release|Any CPU
		{B4307530-B1FC-4799-8F7A-8B13DB77994A}.Release|Any CPU.Build.0 = Release|Any CPU
	EndGlobalSection
	GlobalSection(SolutionProperties) = preSolution
		HideSolutionNode = FALSE
	EndGlobalSection
	GlobalSection(ExtensibilityGlobals) = postSolution
		SolutionGuid = {9492D765-894F-4C4C-842F-55B6D7B5D9B8}
	EndGlobalSection
EndGlobal
